dependencies:
- name: tekton-operator
  repository: https://charts.cloudnativetoolkit.dev/
  version: 0.3.3
- name: resource-owner-job
  repository: https://charts.cloudnativetoolkit.dev/
  version: 0.2.0
digest: sha256:7e30ea9abc0a19491590a2161268a48d7017cb62989237ccc1e44e4c0a9d05a8
generated: "2023-07-04T16:49:10.862259-05:00"
